
Microsoft Visual Studio Solution File, Format Version 12.00
# Visual Studio Version 17
VisualStudioVersion = 17.0.31423.177
MinimumVisualStudioVersion = 10.0.40219.1
Project("{9A19103F-16F7-4668-BE54-9A1E7A4F7556}") = "Unload", "Unload\Unload.csproj", "{A056324E-0389-471E-ACF5-A133B23F8FEB}"
EndProject
Project("{2150E333-8FDC-42A3-9474-1A3956D46DE8}") = "Solution Items", "Solution Items", "{1A9DE806-28BC-4A7E-A529-8983885FACDC}"
	ProjectSection(SolutionItems) = preProject
		.editorconfig = .editorconfig
	EndProjectSection
EndProject
Global
	GlobalSection(SolutionConfigurationPlatforms) = preSolution
		Debug|Any CPU = Debug|Any CPU
		Debug|x64 = Debug|x64
		Debug|x86 = Debug|x86
		Release|Any CPU = Release|Any CPU
		Release|x64 = Release|x64
		Release|x86 = Release|x86
	EndGlobalSection
	GlobalSection(ProjectConfigurationPlatforms) = postSolution
		{A056324E-0389-471E-ACF5-A133B23F8FEB}.Debug|Any CPU.ActiveCfg = Debug|Any CPU
		{A056324E-0389-471E-ACF5-A133B23F8FEB}.Debug|Any CPU.Build.0 = Debug|Any CPU
		{A056324E-0389-471E-ACF5-A133B23F8FEB}.Debug|x64.ActiveCfg = Debug|Any CPU
		{A056324E-0389-471E-ACF5-A133B23F8FEB}.Debug|x64.Build.0 = Debug|Any CPU
		{A056324E-0389-471E-ACF5-A133B23F8FEB}.Debug|x86.ActiveCfg = Debug|Any CPU
		{A056324E-0389-471E-ACF5-A133B23F8FEB}.Debug|x86.Build.0 = Debug|Any CPU
		{A056324E-0389-471E-ACF5-A133B23F8FEB}.Release|Any CPU.ActiveCfg = Release|Any CPU
		{A056324E-0389-471E-ACF5-A133B23F8FEB}.Release|Any CPU.Build.0 = Release|Any CPU
		{A056324E-0389-471E-ACF5-A133B23F8FEB}.Release|x64.ActiveCfg = Release|Any CPU
		{A056324E-0389-471E-ACF5-A133B23F8FEB}.Release|x64.Build.0 = Release|Any CPU
		{A056324E-0389-471E-ACF5-A133B23F8FEB}.Release|x86.ActiveCfg = Release|Any CPU
		{A056324E-0389-471E-ACF5-A133B23F8FEB}.Release|x86.Build.0 = Release|Any CPU
	EndGlobalSection
	GlobalSection(SolutionProperties) = preSolution
		HideSolutionNode = FALSE
	EndGlobalSection
	GlobalSection(ExtensibilityGlobals) = postSolution
		SolutionGuid = {18A25522-ED46-4E16-8BAF-054BC25E6804}
	EndGlobalSection
EndGlobal
